
Microsoft Visual Studio Solution File, Format Version 12.00
# Visual Studio 14
VisualStudioVersion = 14.0.25420.1
MinimumVisualStudioVersion = 10.0.40219.1
Project("{FAE04EC0-301F-11D3-BF4B-00C04F79EFBC}") = "Model", "Model\Model.csproj", "{703CA45A-B446-45E7-8993-15FE8B8600E7}"
EndProject
Project("{FAE04EC0-301F-11D3-BF4B-00C04F79EFBC}") = "Data", "Data\Data.csproj", "{F5019BCA-9ACE-4332-A33B-809723F16516}"
EndProject
Project("{FAE04EC0-301F-11D3-BF4B-00C04F79EFBC}") = "View", "View\View.csproj", "{33633BD2-1A92-4C14-A41F-FC2A4A8A743A}"
EndProject
Global
	GlobalSection(SolutionConfigurationPlatforms) = preSolution
		Debug|Any CPU = Debug|Any CPU
		Release|Any CPU = Release|Any CPU
	EndGlobalSection
	GlobalSection(ProjectConfigurationPlatforms) = postSolution
		{703CA45A-B446-45E7-8993-15FE8B8600E7}.Debug|Any CPU.ActiveCfg = Debug|Any CPU
		{703CA45A-B446-45E7-8993-15FE8B8600E7}.Debug|Any CPU.Build.0 = Debug|Any CPU
		{703CA45A-B446-45E7-8993-15FE8B8600E7}.Release|Any CPU.ActiveCfg = Release|Any CPU
		{703CA45A-B446-45E7-8993-15FE8B8600E7}.Release|Any CPU.Build.0 = Release|Any CPU
		{F5019BCA-9ACE-4332-A33B-809723F16516}.Debug|Any CPU.ActiveCfg = Debug|Any CPU
		{F5019BCA-9ACE-4332-A33B-809723F16516}.Debug|Any CPU.Build.0 = Debug|Any CPU
		{F5019BCA-9ACE-4332-A33B-809723F16516}.Release|Any CPU.ActiveCfg = Release|Any CPU
		{F5019BCA-9ACE-4332-A33B-809723F16516}.Release|Any CPU.Build.0 = Release|Any CPU
		{33633BD2-1A92-4C14-A41F-FC2A4A8A743A}.Debug|Any CPU.ActiveCfg = Debug|Any CPU
		{33633BD2-1A92-4C14-A41F-FC2A4A8A743A}.Debug|Any CPU.Build.0 = Debug|Any CPU
		{33633BD2-1A92-4C14-A41F-FC2A4A8A743A}.Release|Any CPU.ActiveCfg = Release|Any CPU
		{33633BD2-1A92-4C14-A41F-FC2A4A8A743A}.Release|Any CPU.Build.0 = Release|Any CPU
	EndGlobalSection
	GlobalSection(SolutionProperties) = preSolution
		HideSolutionNode = FALSE
	EndGlobalSection
EndGlobal
